# THIS IS AN AUTOGENERATED FILE. DO NOT EDIT THIS FILE DIRECTLY.
# yarn lockfile v1


"@types/node@*":
  version "11.13.6"
  resolved "http://registry.npm.taobao.org/@types/node/download/@types/node-11.13.6.tgz#37ec75690830acb0d74ce3c6c43caab787081e85"
  integrity sha1-N+x1aQgwrLDXTOPGxDyqt4cIHoU=

accepts@~1.2.12:
  version "1.2.13"
  resolved "http://registry.npm.taobao.org/accepts/download/accepts-1.2.13.tgz#e5f1f3928c6d95fd96558c36ec3d9d0de4a6ecea"
  integrity sha1-5fHzkoxtlf2WVYw27D2dDeSm7Oo=
  dependencies:
    mime-types "~2.1.6"
    negotiator "0.5.3"

acorn-globals@^1.0.3:
  version "1.0.9"
  resolved "http://registry.npm.taobao.org/acorn-globals/download/acorn-globals-1.0.9.tgz#55bb5e98691507b74579d0513413217c380c54cf"
  integrity sha1-VbtemGkVB7dFedBRNBMhfDgMVM8=
  dependencies:
    acorn "^2.1.0"

acorn@^1.0.1:
  version "1.2.2"
  resolved "http://registry.npm.taobao.org/acorn/download/acorn-1.2.2.tgz#c8ce27de0acc76d896d2b1fad3df588d9e82f014"
  integrity sha1-yM4n3grMdtiW0rH6099YjZ6C8BQ=

acorn@^2.1.0:
  version "2.7.0"
  resolved "http://registry.npm.taobao.org/acorn/download/acorn-2.7.0.tgz#ab6e7d9d886aaca8b085bc3312b79a198433f0e7"
  integrity sha1-q259nYhqrKiwhbwzEreaGYQz8Oc=

align-text@^0.1.1, align-text@^0.1.3:
  version "0.1.4"
  resolved "http://registry.npm.taobao.org/align-text/download/align-text-0.1.4.tgz#0cd90a561093f35d0a99256c22b7069433fad117"
  integrity sha1-DNkKVhCT810KmSVsIrcGlDP60Rc=
  dependencies:
    kind-of "^3.0.2"
    longest "^1.0.1"
    repeat-string "^1.5.2"

amdefine@>=0.0.4:
  version "1.0.1"
  resolved "http://registry.npm.taobao.org/amdefine/download/amdefine-1.0.1.tgz#4a5282ac164729e93619bcfd3ad151f817ce91f5"
  integrity sha1-SlKCrBZHKek2Gbz9OtFR+BfOkfU=

append-field@^1.0.0:
  version "1.0.0"
  resolved "http://registry.npm.taobao.org/append-field/download/append-field-1.0.0.tgz#1e3440e915f0b1203d23748e78edd7b9b5b43e56"
  integrity sha1-HjRA6RXwsSA9I3SOeO3XubW0PlY=

array-flatten@1.1.1:
  version "1.1.1"
  resolved "http://registry.npm.taobao.org/array-flatten/download/array-flatten-1.1.1.tgz#9a5f699051b1e7073328f2a008968b64ea2955d2"
  integrity sha1-ml9pkFGx5wczKPKgCJaLZOopVdI=

asap@~1.0.0:
  version "1.0.0"
  resolved "http://registry.npm.taobao.org/asap/download/asap-1.0.0.tgz#b2a45da5fdfa20b0496fc3768cc27c12fa916a7d"
  integrity sha1-sqRdpf36ILBJb8N2jMJ8EvqRan0=

basic-auth@~1.0.3:
  version "1.0.4"
  resolved "http://registry.npm.taobao.org/basic-auth/download/basic-auth-1.0.4.tgz#030935b01de7c9b94a824b29f3fccb750d3a5290"
  integrity sha1-Awk1sB3nyblKgksp8/zLdQ06UpA=

bignumber.js@2.3.0:
  version "2.3.0"
  resolved "http://registry.npm.taobao.org/bignumber.js/download/bignumber.js-2.3.0.tgz#597a02d791edc3d64f17850e21789e7a4095df66"
  integrity sha1-WXoC15Htw9ZPF4UOIXieekCV32Y=

body-parser@~1.15.1:
  version "1.15.2"
  resolved "http://registry.npm.taobao.org/body-parser/download/body-parser-1.15.2.tgz#d7578cf4f1d11d5f6ea804cef35dc7a7ff6dae67"
  integrity sha1-11eM9PHRHV9uqATO813Hp/9trmc=
  dependencies:
    bytes "2.4.0"
    content-type "~1.0.2"
    debug "~2.2.0"
    depd "~1.1.0"
    http-errors "~1.5.0"
    iconv-lite "0.4.13"
    on-finished "~2.3.0"
    qs "6.2.0"
    raw-body "~2.1.7"
    type-is "~1.6.13"

boolbase@~1.0.0:
  version "1.0.0"
  resolved "http://registry.npm.taobao.org/boolbase/download/boolbase-1.0.0.tgz#68dff5fbe60c51eb37725ea9e3ed310dcc1e776e"
  integrity sha1-aN/1++YMUes3cl6p4+0xDcwed24=

buffer-from@^1.0.0:
  version "1.1.1"
  resolved "http://registry.npm.taobao.org/buffer-from/download/buffer-from-1.1.1.tgz#32713bc028f75c02fdb710d7c7bcec1f2c6070ef"
  integrity sha1-MnE7wCj3XAL9txDXx7zsHyxgcO8=

busboy@^0.2.11:
  version "0.2.14"
  resolved "http://registry.npm.taobao.org/busboy/download/busboy-0.2.14.tgz#6c2a622efcf47c57bbbe1e2a9c37ad36c7925453"
  integrity sha1-bCpiLvz0fFe7vh4qnDetNseSVFM=
  dependencies:
    dicer "0.2.5"
    readable-stream "1.1.x"

bytes@2.4.0:
  version "2.4.0"
  resolved "http://registry.npm.taobao.org/bytes/download/bytes-2.4.0.tgz#7d97196f9d5baf7f6935e25985549edd2a6c2339"
  integrity sha1-fZcZb51br39pNeJZhVSe3SpsIzk=

camelcase@^1.0.2:
  version "1.2.1"
  resolved "http://registry.npm.taobao.org/camelcase/download/camelcase-1.2.1.tgz#9bb5304d2e0b56698b2c758b08a3eaa9daa58a39"
  integrity sha1-m7UwTS4LVmmLLHWLCKPqqdqlijk=

center-align@^0.1.1:
  version "0.1.3"
  resolved "http://registry.npm.taobao.org/center-align/download/center-align-0.1.3.tgz#aa0d32629b6ee972200411cbd4461c907bc2b7ad"
  integrity sha1-qg0yYptu6XIgBBHL1EYckHvCt60=
  dependencies:
    align-text "^0.1.3"
    lazy-cache "^1.0.3"

character-parser@1.2.1:
  version "1.2.1"
  resolved "http://registry.npm.taobao.org/character-parser/download/character-parser-1.2.1.tgz#c0dde4ab182713b919b970959a123ecc1a30fcd6"
  integrity sha1-wN3kqxgnE7kZuXCVmhI+zBow/NY=

cheerio@^1.0.0-rc.2:
  version "1.0.0-rc.3"
  resolved "http://registry.npm.taobao.org/cheerio/download/cheerio-1.0.0-rc.3.tgz#094636d425b2e9c0f4eb91a46c05630c9a1a8bf6"
  integrity sha1-CUY21CWy6cD065GkbAVjDJoai/Y=
  dependencies:
    css-select "~1.2.0"
    dom-serializer "~0.1.1"
    entities "~1.1.1"
    htmlparser2 "^3.9.1"
    lodash "^4.15.0"
    parse5 "^3.0.1"

clean-css@^3.1.9:
  version "3.4.28"
  resolved "http://registry.npm.taobao.org/clean-css/download/clean-css-3.4.28.tgz#bf1945e82fc808f55695e6ddeaec01400efd03ff"
  integrity sha1-vxlF6C/ICPVWlebd6uwBQA79A/8=
  dependencies:
    commander "2.8.x"
    source-map "0.4.x"

cliui@^2.1.0:
  version "2.1.0"
  resolved "http://registry.npm.taobao.org/cliui/download/cliui-2.1.0.tgz#4b475760ff80264c762c3a1719032e91c7fea0d1"
  integrity sha1-S0dXYP+AJkx2LDoXGQMukcf+oNE=
  dependencies:
    center-align "^0.1.1"
    right-align "^0.1.1"
    wordwrap "0.0.2"

commander@2.8.x:
  version "2.8.1"
  resolved "http://registry.npm.taobao.org/commander/download/commander-2.8.1.tgz#06be367febfda0c330aa1e2a072d3dc9762425d4"
  integrity sha1-Br42f+v9oMMwqh4qBy09yXYkJdQ=
  dependencies:
    graceful-readlink ">= 1.0.0"

commander@~2.6.0:
  version "2.6.0"
  resolved "http://registry.npm.taobao.org/commander/download/commander-2.6.0.tgz#9df7e52fb2a0cb0fb89058ee80c3104225f37e1d"
  integrity sha1-nfflL7Kgyw+4kFjugMMQQiXzfh0=

concat-stream@^1.5.2:
  version "1.6.2"
  resolved "http://registry.npm.taobao.org/concat-stream/download/concat-stream-1.6.2.tgz#904bdf194cd3122fc675c77fc4ac3d4ff0fd1a34"
  integrity sha1-kEvfGUzTEi/Gdcd/xKw9T/D9GjQ=
  dependencies:
    buffer-from "^1.0.0"
    inherits "^2.0.3"
    readable-stream "^2.2.2"
    typedarray "^0.0.6"

constantinople@~3.0.1:
  version "3.0.2"
  resolved "http://registry.npm.taobao.org/constantinople/download/constantinople-3.0.2.tgz#4b945d9937907bcd98ee575122c3817516544141"
  integrity sha1-S5RdmTeQe82Y7ldRIsOBdRZUQUE=
  dependencies:
    acorn "^2.1.0"

content-disposition@0.5.1:
  version "0.5.1"
  resolved "http://registry.npm.taobao.org/content-disposition/download/content-disposition-0.5.1.tgz#87476c6a67c8daa87e32e87616df883ba7fb071b"
  integrity sha1-h0dsamfI2qh+Muh2Ft+IO6f7Bxs=

content-type@~1.0.1, content-type@~1.0.2:
  version "1.0.4"
  resolved "http://registry.npm.taobao.org/content-type/download/content-type-1.0.4.tgz#e138cc75e040c727b1966fe5e5f8c9aee256fe3b"
  integrity sha1-4TjMdeBAxyexlm/l5fjJruJW/js=

cookie-parser@~1.4.3:
  version "1.4.4"
  resolved "http://registry.npm.taobao.org/cookie-parser/download/cookie-parser-1.4.4.tgz#e6363de4ea98c3def9697b93421c09f30cf5d188"
  integrity sha1-5jY95OqYw975aXuTQhwJ8wz10Yg=
  dependencies:
    cookie "0.3.1"
    cookie-signature "1.0.6"

cookie-signature@1.0.6:
  version "1.0.6"
  resolved "http://registry.npm.taobao.org/cookie-signature/download/cookie-signature-1.0.6.tgz#e303a882b342cc3ee8ca513a79999734dab3ae2c"
  integrity sha1-4wOogrNCzD7oylE6eZmXNNqzriw=

cookie@0.1.5:
  version "0.1.5"
  resolved "http://registry.npm.taobao.org/cookie/download/cookie-0.1.5.tgz#6ab9948a4b1ae21952cd2588530a4722d4044d7c"
  integrity sha1-armUiksa4hlSzSWIUwpHItQETXw=

cookie@0.3.1:
  version "0.3.1"
  resolved "http://registry.npm.taobao.org/cookie/download/cookie-0.3.1.tgz#e7e0a1f9ef43b4c8ba925c5c5a96e806d16873bb"
  integrity sha1-5+Ch+e9DtMi6klxcWpboBtFoc7s=

core-util-is@~1.0.0:
  version "1.0.2"
  resolved "http://registry.npm.taobao.org/core-util-is/download/core-util-is-1.0.2.tgz#b5fd54220aa2bc5ab57aab7140c940754503c1a7"
  integrity sha1-tf1UIgqivFq1eqtxQMlAdUUDwac=

cors@^2.8.4:
  version "2.8.5"
  resolved "http://registry.npm.taobao.org/cors/download/cors-2.8.5.tgz#eac11da51592dd86b9f06f6e7ac293b3df875d29"
  integrity sha1-6sEdpRWS3Ya58G9uesKTs9+HXSk=
  dependencies:
    object-assign "^4"
    vary "^1"

css-parse@1.0.4:
  version "1.0.4"
  resolved "http://registry.npm.taobao.org/css-parse/download/css-parse-1.0.4.tgz#38b0503fbf9da9f54e9c1dbda60e145c77117bdd"
  integrity sha1-OLBQP7+dqfVOnB29pg4UXHcRe90=

css-select@~1.2.0:
  version "1.2.0"
  resolved "http://registry.npm.taobao.org/css-select/download/css-select-1.2.0.tgz#2b3a110539c5355f1cd8d314623e870b121ec858"
  integrity sha1-KzoRBTnFNV8c2NMUYj6HCxIeyFg=
  dependencies:
    boolbase "~1.0.0"
    css-what "2.1"
    domutils "1.5.1"
    nth-check "~1.0.1"

css-stringify@1.0.5:
  version "1.0.5"
  resolved "http://registry.npm.taobao.org/css-stringify/download/css-stringify-1.0.5.tgz#b0d042946db2953bb9d292900a6cb5f6d0122031"
  integrity sha1-sNBClG2ylTu50pKQCmy19tASIDE=

css-what@2.1:
  version "2.1.3"
  resolved "http://registry.npm.taobao.org/css-what/download/css-what-2.1.3.tgz#a6d7604573365fe74686c3f311c56513d88285f2"
  integrity sha1-ptdgRXM2X+dGhsPzEcVlE9iChfI=

css@~1.0.8:
  version "1.0.8"
  resolved "http://registry.npm.taobao.org/css/download/css-1.0.8.tgz#9386811ca82bccc9ee7fb5a732b1e2a317c8a3e7"
  integrity sha1-k4aBHKgrzMnuf7WnMrHioxfIo+c=
  dependencies:
    css-parse "1.0.4"
    css-stringify "1.0.5"

debug@2.6.9:
  version "2.6.9"
  resolved "http://registry.npm.taobao.org/debug/download/debug-2.6.9.tgz#5d128515df134ff327e90a4c93f4e077a536341f"
  integrity sha1-XRKFFd8TT/Mn6QpMk/Tgd6U2NB8=
  dependencies:
    ms "2.0.0"

debug@~2.2.0:
  version "2.2.0"
  resolved "http://registry.npm.taobao.org/debug/download/debug-2.2.0.tgz#f87057e995b1a1f6ae6a4960664137bc56f039da"
  integrity sha1-+HBX6ZWxofauaklgZkE3vFbwOdo=
  dependencies:
    ms "0.7.1"

decamelize@^1.0.0:
  version "1.2.0"
  resolved "http://registry.npm.taobao.org/decamelize/download/decamelize-1.2.0.tgz#f6534d15148269b20352e7bee26f501f9a191290"
  integrity sha1-9lNNFRSCabIDUue+4m9QH5oZEpA=

depd@~1.1.0:
  version "1.1.2"
  resolved "http://registry.npm.taobao.org/depd/download/depd-1.1.2.tgz#9bcd52e14c097763e749b274c4346ed2e560b5a9"
  integrity sha1-m81S4UwJd2PnSbJ0xDRu0uVgtak=

depd@~2.0.0:
  version "2.0.0"
  resolved "http://registry.npm.taobao.org/depd/download/depd-2.0.0.tgz#b696163cc757560d09cf22cc8fad1571b79e76df"
  integrity sha1-tpYWPMdXVg0JzyLMj60Vcbeedt8=

destroy@~1.0.4:
  version "1.0.4"
  resolved "http://registry.npm.taobao.org/destroy/download/destroy-1.0.4.tgz#978857442c44749e4206613e37946205826abd80"
  integrity sha1-l4hXRCxEdJ5CBmE+N5RiBYJqvYA=

dicer@0.2.5:
  version "0.2.5"
  resolved "http://registry.npm.taobao.org/dicer/download/dicer-0.2.5.tgz#5996c086bb33218c812c090bddc09cd12facb70f"
  integrity sha1-WZbAhrszIYyBLAkL3cCc0S+stw8=
  dependencies:
    readable-stream "1.1.x"
    streamsearch "0.1.2"

dom-serializer@0, dom-serializer@~0.1.1:
  version "0.1.1"
  resolved "http://registry.npm.taobao.org/dom-serializer/download/dom-serializer-0.1.1.tgz#1ec4059e284babed36eec2941d4a970a189ce7c0"
  integrity sha1-HsQFnihLq+027sKUHUqXChic58A=
  dependencies:
    domelementtype "^1.3.0"
    entities "^1.1.1"

domelementtype@1, domelementtype@^1.3.0, domelementtype@^1.3.1:
  version "1.3.1"
  resolved "http://registry.npm.taobao.org/domelementtype/download/domelementtype-1.3.1.tgz#d048c44b37b0d10a7f2a3d5fee3f4333d790481f"
  integrity sha1-0EjESzew0Qp/Kj1f7j9DM9eQSB8=

domhandler@^2.3.0:
  version "2.4.2"
  resolved "http://registry.npm.taobao.org/domhandler/download/domhandler-2.4.2.tgz#8805097e933d65e85546f726d60f5eb88b44f803"
  integrity sha1-iAUJfpM9ZehVRvcm1g9euItE+AM=
  dependencies:
    domelementtype "1"

domutils@1.5.1:
  version "1.5.1"
  resolved "http://registry.npm.taobao.org/domutils/download/domutils-1.5.1.tgz#dcd8488a26f563d61079e48c9f7b7e32373682cf"
  integrity sha1-3NhIiib1Y9YQeeSMn3t+Mjc2gs8=
  dependencies:
    dom-serializer "0"
    domelementtype "1"

domutils@^1.5.1:
  version "1.7.0"
  resolved "http://registry.npm.taobao.org/domutils/download/domutils-1.7.0.tgz#56ea341e834e06e6748af7a1cb25da67ea9f8c2a"
  integrity sha1-Vuo0HoNOBuZ0ivehyyXaZ+qfjCo=
  dependencies:
    dom-serializer "0"
    domelementtype "1"

ee-first@1.1.1:
  version "1.1.1"
  resolved "http://registry.npm.taobao.org/ee-first/download/ee-first-1.1.1.tgz#590c61156b0ae2f4f0255732a158b266bc56b21d"
  integrity sha1-WQxhFWsK4vTwJVcyoViyZrxWsh0=

entities@^1.1.1, entities@~1.1.1:
  version "1.1.2"
  resolved "http://registry.npm.taobao.org/entities/download/entities-1.1.2.tgz#bdfa735299664dfafd34529ed4f8522a275fea56"
  integrity sha1-vfpzUplmTfr9NFKe1PhSKidf6lY=

escape-html@~1.0.3:
  version "1.0.3"
  resolved "http://registry.npm.taobao.org/escape-html/download/escape-html-1.0.3.tgz#0258eae4d3d0c0974de1c169188ef0051d1d1988"
  integrity sha1-Aljq5NPQwJdN4cFpGI7wBR0dGYg=

etag@~1.7.0:
  version "1.7.0"
  resolved "http://registry.npm.taobao.org/etag/download/etag-1.7.0.tgz#03d30b5f67dd6e632d2945d30d6652731a34d5d8"
  integrity sha1-A9MLX2fdbmMtKUXTDWZScxo01dg=

express-session@^1.15.6:
  version "1.16.1"
  resolved "http://registry.npm.taobao.org/express-session/download/express-session-1.16.1.tgz#251ff9776c59382301de6c8c33411af357ed439c"
  integrity sha1-JR/5d2xZOCMB3myMM0Ea81ftQ5w=
  dependencies:
    cookie "0.3.1"
    cookie-signature "1.0.6"
    debug "2.6.9"
    depd "~2.0.0"
    on-headers "~1.0.2"
    parseurl "~1.3.2"
    safe-buffer "5.1.2"
    uid-safe "~2.1.5"

express@~4.13.4:
  version "4.13.4"
  resolved "http://registry.npm.taobao.org/express/download/express-4.13.4.tgz#3c0b76f3c77590c8345739061ec0bd3ba067ec24"
  integrity sha1-PAt288d1kMg0VzkGHsC9O6Bn7CQ=
  dependencies:
    accepts "~1.2.12"
    array-flatten "1.1.1"
    content-disposition "0.5.1"
    content-type "~1.0.1"
    cookie "0.1.5"
    cookie-signature "1.0.6"
    debug "~2.2.0"
    depd "~1.1.0"
    escape-html "~1.0.3"
    etag "~1.7.0"
    finalhandler "0.4.1"
    fresh "0.3.0"
    merge-descriptors "1.0.1"
    methods "~1.1.2"
    on-finished "~2.3.0"
    parseurl "~1.3.1"
    path-to-regexp "0.1.7"
    proxy-addr "~1.0.10"
    qs "4.0.0"
    range-parser "~1.0.3"
    send "0.13.1"
    serve-static "~1.10.2"
    type-is "~1.6.6"
    utils-merge "1.0.0"
    vary "~1.0.1"

finalhandler@0.4.1:
  version "0.4.1"
  resolved "http://registry.npm.taobao.org/finalhandler/download/finalhandler-0.4.1.tgz#85a17c6c59a94717d262d61230d4b0ebe3d4a14d"
  integrity sha1-haF8bFmpRxfSYtYSMNSw6+PUoU0=
  dependencies:
    debug "~2.2.0"
    escape-html "~1.0.3"
    on-finished "~2.3.0"
    unpipe "~1.0.0"

forwarded@~0.1.0:
  version "0.1.2"
  resolved "http://registry.npm.taobao.org/forwarded/download/forwarded-0.1.2.tgz#98c23dab1175657b8c0573e8ceccd91b0ff18c84"
  integrity sha1-mMI9qxF1ZXuMBXPozszZGw/xjIQ=

fresh@0.3.0:
  version "0.3.0"
  resolved "http://registry.npm.taobao.org/fresh/download/fresh-0.3.0.tgz#651f838e22424e7566de161d8358caa199f83d4f"
  integrity sha1-ZR+DjiJCTnVm3hYdg1jKoZn4PU8=

"graceful-readlink@>= 1.0.0":
  version "1.0.1"
  resolved "http://registry.npm.taobao.org/graceful-readlink/download/graceful-readlink-1.0.1.tgz#4cafad76bc62f02fa039b2f94e9a3dd3a391a725"
  integrity sha1-TK+tdrxi8C+gObL5Tpo906ORpyU=

htmlparser2@^3.9.1:
  version "3.10.1"
  resolved "http://registry.npm.taobao.org/htmlparser2/download/htmlparser2-3.10.1.tgz#bd679dc3f59897b6a34bb10749c855bb53a9392f"
  integrity sha1-vWedw/WYl7ajS7EHSchVu1OpOS8=
  dependencies:
    domelementtype "^1.3.1"
    domhandler "^2.3.0"
    domutils "^1.5.1"
    entities "^1.1.1"
    inherits "^2.0.1"
    readable-stream "^3.1.1"

http-errors@~1.3.1:
  version "1.3.1"
  resolved "http://registry.npm.taobao.org/http-errors/download/http-errors-1.3.1.tgz#197e22cdebd4198585e8694ef6786197b91ed942"
  integrity sha1-GX4izevUGYWF6GlO9nhhl7ke2UI=
  dependencies:
    inherits "~2.0.1"
    statuses "1"

http-errors@~1.5.0:
  version "1.5.1"
  resolved "http://registry.npm.taobao.org/http-errors/download/http-errors-1.5.1.tgz#788c0d2c1de2c81b9e6e8c01843b6b97eb920750"
  integrity sha1-eIwNLB3iyBuebowBhDtrl+uSB1A=
  dependencies:
    inherits "2.0.3"
    setprototypeof "1.0.2"
    statuses ">= 1.3.1 < 2"

iconv-lite@0.4.13:
  version "0.4.13"
  resolved "http://registry.npm.taobao.org/iconv-lite/download/iconv-lite-0.4.13.tgz#1f88aba4ab0b1508e8312acc39345f36e992e2f2"
  integrity sha1-H4irpKsLFQjoMSrMOTRfNumS4vI=

inherits@2.0.3, inherits@^2.0.1, inherits@^2.0.3, inherits@~2.0.1, inherits@~2.0.3:
  version "2.0.3"
  resolved "http://registry.npm.taobao.org/inherits/download/inherits-2.0.3.tgz#633c2c83e3da42a502f52466022480f4208261de"
  integrity sha1-Yzwsg+PaQqUC9SRmAiSA9CCCYd4=

ipaddr.js@1.0.5:
  version "1.0.5"
  resolved "http://registry.npm.taobao.org/ipaddr.js/download/ipaddr.js-1.0.5.tgz#5fa78cf301b825c78abc3042d812723049ea23c7"
  integrity sha1-X6eM8wG4JceKvDBC2BJyMEnqI8c=

is-buffer@^1.1.5:
  version "1.1.6"
  resolved "http://registry.npm.taobao.org/is-buffer/download/is-buffer-1.1.6.tgz#efaa2ea9daa0d7ab2ea13a97b2b8ad51fefbe8be"
  integrity sha1-76ouqdqg16suoTqXsritUf776L4=

is-promise@^2.0.0:
  version "2.1.0"
  resolved "http://registry.npm.taobao.org/is-promise/download/is-promise-2.1.0.tgz#79a2a9ece7f096e80f36d2b2f3bc16c1ff4bf3fa"
  integrity sha1-eaKp7OfwlugPNtKy87wWwf9L8/o=

is-promise@~1:
  version "1.0.1"
  resolved "http://registry.npm.taobao.org/is-promise/download/is-promise-1.0.1.tgz#31573761c057e33c2e91aab9e96da08cefbe76e5"
  integrity sha1-MVc3YcBX4zwukaq56W2gjO++duU=

isarray@0.0.1:
  version "0.0.1"
  resolved "http://registry.npm.taobao.org/isarray/download/isarray-0.0.1.tgz#8a18acfca9a8f4177e09abfc6038939b05d1eedf"
  integrity sha1-ihis/Kmo9Bd+Cav8YDiTmwXR7t8=

isarray@~1.0.0:
  version "1.0.0"
  resolved "http://registry.npm.taobao.org/isarray/download/isarray-1.0.0.tgz#bb935d48582cba168c06834957a54a3e07124f11"
  integrity sha1-u5NdSFgsuhaMBoNJV6VKPgcSTxE=

jade@~1.11.0:
  version "1.11.0"
  resolved "http://registry.npm.taobao.org/jade/download/jade-1.11.0.tgz#9c80e538c12d3fb95c8d9bb9559fa0cc040405fd"
  integrity sha1-nIDlOMEtP7lcjZu5VZ+gzAQEBf0=
  dependencies:
    character-parser "1.2.1"
    clean-css "^3.1.9"
    commander "~2.6.0"
    constantinople "~3.0.1"
    jstransformer "0.0.2"
    mkdirp "~0.5.0"
    transformers "2.1.0"
    uglify-js "^2.4.19"
    void-elements "~2.0.1"
    with "~4.0.0"

jstransformer@0.0.2:
  version "0.0.2"
  resolved "http://registry.npm.taobao.org/jstransformer/download/jstransformer-0.0.2.tgz#7aae29a903d196cfa0973d885d3e47947ecd76ab"
  integrity sha1-eq4pqQPRls+glz2IXT5HlH7Ndqs=
  dependencies:
    is-promise "^2.0.0"
    promise "^6.0.1"

kind-of@^3.0.2:
  version "3.2.2"
  resolved "http://registry.npm.taobao.org/kind-of/download/kind-of-3.2.2.tgz#31ea21a734bab9bbb0f32466d893aea51e4a3c64"
  integrity sha1-MeohpzS6ubuw8yRm2JOupR5KPGQ=
  dependencies:
    is-buffer "^1.1.5"

lazy-cache@^1.0.3:
  version "1.0.4"
  resolved "http://registry.npm.taobao.org/lazy-cache/download/lazy-cache-1.0.4.tgz#a1d78fc3a50474cb80845d3b3b6e1da49a446e8e"
  integrity sha1-odePw6UEdMuAhF07O24dpJpEbo4=

lodash@^4.15.0:
  version "4.17.11"
  resolved "http://registry.npm.taobao.org/lodash/download/lodash-4.17.11.tgz#b39ea6229ef607ecd89e2c8df12536891cac9b8d"
  integrity sha1-s56mIp72B+zYniyN8SU2iRysm40=

longest@^1.0.1:
  version "1.0.1"
  resolved "http://registry.npm.taobao.org/longest/download/longest-1.0.1.tgz#30a0b2da38f73770e8294a0d22e6625ed77d0097"
  integrity sha1-MKCy2jj3N3DoKUoNIuZiXtd9AJc=

media-typer@0.3.0:
  version "0.3.0"
  resolved "http://registry.npm.taobao.org/media-typer/download/media-typer-0.3.0.tgz#8710d7af0aa626f8fffa1ce00168545263255748"
  integrity sha1-hxDXrwqmJvj/+hzgAWhUUmMlV0g=

merge-descriptors@1.0.1:
  version "1.0.1"
  resolved "http://registry.npm.taobao.org/merge-descriptors/download/merge-descriptors-1.0.1.tgz#b00aaa556dd8b44568150ec9d1b953f3f90cbb61"
  integrity sha1-sAqqVW3YtEVoFQ7J0blT8/kMu2E=

methods@~1.1.2:
  version "1.1.2"
  resolved "http://registry.npm.taobao.org/methods/download/methods-1.1.2.tgz#5529a4d67654134edcc5266656835b0f851afcee"
  integrity sha1-VSmk1nZUE07cxSZmVoNbD4Ua/O4=

mime-db@1.40.0:
  version "1.40.0"
  resolved "http://registry.npm.taobao.org/mime-db/download/mime-db-1.40.0.tgz#a65057e998db090f732a68f6c276d387d4126c32"
  integrity sha1-plBX6ZjbCQ9zKmj2wnbTh9QSbDI=

mime-types@~2.1.18, mime-types@~2.1.6:
  version "2.1.24"
  resolved "http://registry.npm.taobao.org/mime-types/download/mime-types-2.1.24.tgz#b6f8d0b3e951efb77dedeca194cff6d16f676f81"
  integrity sha1-tvjQs+lR77d97eyhlM/20W9nb4E=
  dependencies:
    mime-db "1.40.0"

mime@1.3.4:
  version "1.3.4"
  resolved "http://registry.npm.taobao.org/mime/download/mime-1.3.4.tgz#115f9e3b6b3daf2959983cb38f149a2d40eb5d53"
  integrity sha1-EV+eO2s9rylZmDyzjxSaLUDrXVM=

minimist@0.0.8:
  version "0.0.8"
  resolved "http://registry.npm.taobao.org/minimist/download/minimist-0.0.8.tgz#857fcabfc3397d2625b8228262e86aa7a011b05d"
  integrity sha1-hX/Kv8M5fSYluCKCYuhqp6ARsF0=

mkdirp@^0.5.1, mkdirp@~0.5.0:
  version "0.5.1"
  resolved "http://registry.npm.taobao.org/mkdirp/download/mkdirp-0.5.1.tgz#30057438eac6cf7f8c4767f38648d6697d75c903"
  integrity sha1-MAV0OOrGz3+MR2fzhkjWaX11yQM=
  dependencies:
    minimist "0.0.8"

morgan@~1.7.0:
  version "1.7.0"
  resolved "http://registry.npm.taobao.org/morgan/download/morgan-1.7.0.tgz#eb10ca8e50d1abe0f8d3dad5c0201d052d981c62"
  integrity sha1-6xDKjlDRq+D409rVwCAdBS2YHGI=
  dependencies:
    basic-auth "~1.0.3"
    debug "~2.2.0"
    depd "~1.1.0"
    on-finished "~2.3.0"
    on-headers "~1.0.1"

ms@0.7.1:
  version "0.7.1"
  resolved "http://registry.npm.taobao.org/ms/download/ms-0.7.1.tgz#9cd13c03adbff25b65effde7ce864ee952017098"
  integrity sha1-nNE8A62/8ltl7/3nzoZO6VIBcJg=

ms@0.7.2:
  version "0.7.2"
  resolved "http://registry.npm.taobao.org/ms/download/ms-0.7.2.tgz#ae25cf2512b3885a1d95d7f037868d8431124765"
  integrity sha1-riXPJRKziFodldfwN4aNhDESR2U=

ms@2.0.0:
  version "2.0.0"
  resolved "http://registry.npm.taobao.org/ms/download/ms-2.0.0.tgz#5608aeadfc00be6c2901df5f9861788de0d597c8"
  integrity sha1-VgiurfwAvmwpAd9fmGF4jeDVl8g=

multer@^1.3.1:
  version "1.4.1"
  resolved "http://registry.npm.taobao.org/multer/download/multer-1.4.1.tgz#24b12a416a22fec2ade810539184bf138720159e"
  integrity sha1-JLEqQWoi/sKt6BBTkYS/E4cgFZ4=
  dependencies:
    append-field "^1.0.0"
    busboy "^0.2.11"
    concat-stream "^1.5.2"
    mkdirp "^0.5.1"
    object-assign "^4.1.1"
    on-finished "^2.3.0"
    type-is "^1.6.4"
    xtend "^4.0.0"

mysql@2.11.1:
  version "2.11.1"
  resolved "http://registry.npm.taobao.org/mysql/download/mysql-2.11.1.tgz#7bdbfda477141fd15eeec2b710320c0d20ce7d08"
  integrity sha1-e9v9pHcUH9Fe7sK3EDIMDSDOfQg=
  dependencies:
    bignumber.js "2.3.0"
    readable-stream "1.1.14"
    sqlstring "2.0.1"

negotiator@0.5.3:
  version "0.5.3"
  resolved "http://registry.npm.taobao.org/negotiator/download/negotiator-0.5.3.tgz#269d5c476810ec92edbe7b6c2f28316384f9a7e8"
  integrity sha1-Jp1cR2gQ7JLtvntsLygxY4T5p+g=

node-uuid@^1.4.8:
  version "1.4.8"
  resolved "http://registry.npm.taobao.org/node-uuid/download/node-uuid-1.4.8.tgz#b040eb0923968afabf8d32fb1f17f1167fdab907"
  integrity sha1-sEDrCSOWivq/jTL7HxfxFn/auQc=

nth-check@~1.0.1:
  version "1.0.2"
  resolved "http://registry.npm.taobao.org/nth-check/download/nth-check-1.0.2.tgz#b2bd295c37e3dd58a3bf0700376663ba4d9cf05c"
  integrity sha1-sr0pXDfj3VijvwcAN2Zjuk2c8Fw=
  dependencies:
    boolbase "~1.0.0"

object-assign@^4, object-assign@^4.1.1:
  version "4.1.1"
  resolved "http://registry.npm.taobao.org/object-assign/download/object-assign-4.1.1.tgz#2109adc7965887cfc05cbbd442cac8bfbb360863"
  integrity sha1-IQmtx5ZYh8/AXLvUQsrIv7s2CGM=

on-finished@^2.3.0, on-finished@~2.3.0:
  version "2.3.0"
  resolved "http://registry.npm.taobao.org/on-finished/download/on-finished-2.3.0.tgz#20f1336481b083cd75337992a16971aa2d906947"
  integrity sha1-IPEzZIGwg811M3mSoWlxqi2QaUc=
  dependencies:
    ee-first "1.1.1"

on-headers@~1.0.1, on-headers@~1.0.2:
  version "1.0.2"
  resolved "http://registry.npm.taobao.org/on-headers/download/on-headers-1.0.2.tgz#772b0ae6aaa525c399e489adfad90c403eb3c28f"
  integrity sha1-dysK5qqlJcOZ5Imt+tkMQD6zwo8=

optimist@~0.3.5:
  version "0.3.7"
  resolved "http://registry.npm.taobao.org/optimist/download/optimist-0.3.7.tgz#c90941ad59e4273328923074d2cf2e7cbc6ec0d9"
  integrity sha1-yQlBrVnkJzMokjB00s8ufLxuwNk=
  dependencies:
    wordwrap "~0.0.2"

parse5@^3.0.1:
  version "3.0.3"
  resolved "http://registry.npm.taobao.org/parse5/download/parse5-3.0.3.tgz#042f792ffdd36851551cf4e9e066b3874ab45b5c"
  integrity sha1-BC95L/3TaFFVHPTp4Gazh0q0W1w=
  dependencies:
    "@types/node" "*"

parseurl@~1.3.1, parseurl@~1.3.2:
  version "1.3.3"
  resolved "http://registry.npm.taobao.org/parseurl/download/parseurl-1.3.3.tgz#9da19e7bee8d12dff0513ed5b76957793bc2e8d4"
  integrity sha1-naGee+6NEt/wUT7Vt2lXeTvC6NQ=

path-to-regexp@0.1.7:
  version "0.1.7"
  resolved "http://registry.npm.taobao.org/path-to-regexp/download/path-to-regexp-0.1.7.tgz#df604178005f522f15eb4490e7247a1bfaa67f8c"
  integrity sha1-32BBeABfUi8V60SQ5yR6G/qmf4w=

process-nextick-args@~2.0.0:
  version "2.0.0"
  resolved "http://registry.npm.taobao.org/process-nextick-args/download/process-nextick-args-2.0.0.tgz#a37d732f4271b4ab1ad070d35508e8290788ffaa"
  integrity sha1-o31zL0JxtKsa0HDTVQjoKQeI/6o=

promise@^6.0.1:
  version "6.1.0"
  resolved "http://registry.npm.taobao.org/promise/download/promise-6.1.0.tgz#2ce729f6b94b45c26891ad0602c5c90e04c6eef6"
  integrity sha1-LOcp9rlLRcJoka0GAsXJDgTG7vY=
  dependencies:
    asap "~1.0.0"

promise@~2.0:
  version "2.0.0"
  resolved "http://registry.npm.taobao.org/promise/download/promise-2.0.0.tgz#46648aa9d605af5d2e70c3024bf59436da02b80e"
  integrity sha1-RmSKqdYFr10ucMMCS/WUNtoCuA4=
  dependencies:
    is-promise "~1"

proxy-addr@~1.0.10:
  version "1.0.10"
  resolved "http://registry.npm.taobao.org/proxy-addr/download/proxy-addr-1.0.10.tgz#0d40a82f801fc355567d2ecb65efe3f077f121c5"
  integrity sha1-DUCoL4Afw1VWfS7LZe/j8HfxIcU=
  dependencies:
    forwarded "~0.1.0"
    ipaddr.js "1.0.5"

qs@4.0.0:
  version "4.0.0"
  resolved "http://registry.npm.taobao.org/qs/download/qs-4.0.0.tgz#c31d9b74ec27df75e543a86c78728ed8d4623607"
  integrity sha1-wx2bdOwn33XlQ6hseHKO2NRiNgc=

qs@6.2.0:
  version "6.2.0"
  resolved "http://registry.npm.taobao.org/qs/download/qs-6.2.0.tgz#3b7848c03c2dece69a9522b0fae8c4126d745f3b"
  integrity sha1-O3hIwDwt7OaalSKw+ujEEm10Xzs=

random-bytes@~1.0.0:
  version "1.0.0"
  resolved "http://registry.npm.taobao.org/random-bytes/download/random-bytes-1.0.0.tgz#4f68a1dc0ae58bd3fb95848c30324db75d64360b"
  integrity sha1-T2ih3Arli9P7lYSMMDJNt11kNgs=

range-parser@~1.0.3:
  version "1.0.3"
  resolved "http://registry.npm.taobao.org/range-parser/download/range-parser-1.0.3.tgz#6872823535c692e2c2a0103826afd82c2e0ff175"
  integrity sha1-aHKCNTXGkuLCoBA4Jq/YLC4P8XU=

raw-body@~2.1.7:
  version "2.1.7"
  resolved "http://registry.npm.taobao.org/raw-body/download/raw-body-2.1.7.tgz#adfeace2e4fb3098058014d08c072dcc59758774"
  integrity sha1-rf6s4uT7MJgFgBTQjActzFl1h3Q=
  dependencies:
    bytes "2.4.0"
    iconv-lite "0.4.13"
    unpipe "1.0.0"

readable-stream@1.1.14, readable-stream@1.1.x:
  version "1.1.14"
  resolved "http://registry.npm.taobao.org/readable-stream/download/readable-stream-1.1.14.tgz#7cf4c54ef648e3813084c636dd2079e166c081d9"
  integrity sha1-fPTFTvZI44EwhMY23SB54WbAgdk=
  dependencies:
    core-util-is "~1.0.0"
    inherits "~2.0.1"
    isarray "0.0.1"
    string_decoder "~0.10.x"

readable-stream@^2.2.2:
  version "2.3.6"
  resolved "http://registry.npm.taobao.org/readable-stream/download/readable-stream-2.3.6.tgz#b11c27d88b8ff1fbe070643cf94b0c79ae1b0aaf"
  integrity sha1-sRwn2IuP8fvgcGQ8+UsMea4bCq8=
  dependencies:
    core-util-is "~1.0.0"
    inherits "~2.0.3"
    isarray "~1.0.0"
    process-nextick-args "~2.0.0"
    safe-buffer "~5.1.1"
    string_decoder "~1.1.1"
    util-deprecate "~1.0.1"

readable-stream@^3.1.1:
  version "3.3.0"
  resolved "http://registry.npm.taobao.org/readable-stream/download/readable-stream-3.3.0.tgz#cb8011aad002eb717bf040291feba8569c986fb9"
  integrity sha1-y4ARqtAC63F78EApH+uoVpyYb7k=
  dependencies:
    inherits "^2.0.3"
    string_decoder "^1.1.1"
    util-deprecate "^1.0.1"

repeat-string@^1.5.2:
  version "1.6.1"
  resolved "http://registry.npm.taobao.org/repeat-string/download/repeat-string-1.6.1.tgz#8dcae470e1c88abc2d600fff4a776286da75e637"
  integrity sha1-jcrkcOHIirwtYA//Sndihtp15jc=

right-align@^0.1.1:
  version "0.1.3"
  resolved "http://registry.npm.taobao.org/right-align/download/right-align-0.1.3.tgz#61339b722fe6a3515689210d24e14c96148613ef"
  integrity sha1-YTObci/mo1FWiSENJOFMlhSGE+8=
  dependencies:
    align-text "^0.1.1"

safe-buffer@5.1.2, safe-buffer@~5.1.0, safe-buffer@~5.1.1:
  version "5.1.2"
  resolved "http://registry.npm.taobao.org/safe-buffer/download/safe-buffer-5.1.2.tgz#991ec69d296e0313747d59bdfd2b745c35f8828d"
  integrity sha1-mR7GnSluAxN0fVm9/St0XDX4go0=

send@0.13.1:
  version "0.13.1"
  resolved "http://registry.npm.taobao.org/send/download/send-0.13.1.tgz#a30d5f4c82c8a9bae9ad00a1d9b1bdbe6f199ed7"
  integrity sha1-ow1fTILIqbrprQCh2bG9vm8Zntc=
  dependencies:
    debug "~2.2.0"
    depd "~1.1.0"
    destroy "~1.0.4"
    escape-html "~1.0.3"
    etag "~1.7.0"
    fresh "0.3.0"
    http-errors "~1.3.1"
    mime "1.3.4"
    ms "0.7.1"
    on-finished "~2.3.0"
    range-parser "~1.0.3"
    statuses "~1.2.1"

send@0.13.2:
  version "0.13.2"
  resolved "http://registry.npm.taobao.org/send/download/send-0.13.2.tgz#765e7607c8055452bba6f0b052595350986036de"
  integrity sha1-dl52B8gFVFK7pvCwUllTUJhgNt4=
  dependencies:
    debug "~2.2.0"
    depd "~1.1.0"
    destroy "~1.0.4"
    escape-html "~1.0.3"
    etag "~1.7.0"
    fresh "0.3.0"
    http-errors "~1.3.1"
    mime "1.3.4"
    ms "0.7.1"
    on-finished "~2.3.0"
    range-parser "~1.0.3"
    statuses "~1.2.1"

serve-favicon@~2.3.0:
  version "2.3.2"
  resolved "http://registry.npm.taobao.org/serve-favicon/download/serve-favicon-2.3.2.tgz#dd419e268de012ab72b319d337f2105013f9381f"
  integrity sha1-3UGeJo3gEqtysxnTN/IQUBP5OB8=
  dependencies:
    etag "~1.7.0"
    fresh "0.3.0"
    ms "0.7.2"
    parseurl "~1.3.1"

serve-static@~1.10.2:
  version "1.10.3"
  resolved "http://registry.npm.taobao.org/serve-static/download/serve-static-1.10.3.tgz#ce5a6ecd3101fed5ec09827dac22a9c29bfb0535"
  integrity sha1-zlpuzTEB/tXsCYJ9rCKpwpv7BTU=
  dependencies:
    escape-html "~1.0.3"
    parseurl "~1.3.1"
    send "0.13.2"

setprototypeof@1.0.2:
  version "1.0.2"
  resolved "http://registry.npm.taobao.org/setprototypeof/download/setprototypeof-1.0.2.tgz#81a552141ec104b88e89ce383103ad5c66564d08"
  integrity sha1-gaVSFB7BBLiOic44MQOtXGZWTQg=

source-map@0.4.x:
  version "0.4.4"
  resolved "http://registry.npm.taobao.org/source-map/download/source-map-0.4.4.tgz#eba4f5da9c0dc999de68032d8b4f76173652036b"
  integrity sha1-66T12pwNyZneaAMti092FzZSA2s=
  dependencies:
    amdefine ">=0.0.4"

source-map@~0.1.7:
  version "0.1.43"
  resolved "http://registry.npm.taobao.org/source-map/download/source-map-0.1.43.tgz#c24bc146ca517c1471f5dacbe2571b2b7f9e3346"
  integrity sha1-wkvBRspRfBRx9drL4lcbK3+eM0Y=
  dependencies:
    amdefine ">=0.0.4"

source-map@~0.5.1:
  version "0.5.7"
  resolved "http://registry.npm.taobao.org/source-map/download/source-map-0.5.7.tgz#8a039d2d1021d22d1ea14c80d8ea468ba2ef3fcc"
  integrity sha1-igOdLRAh0i0eoUyA2OpGi6LvP8w=

sqlstring@2.0.1:
  version "2.0.1"
  resolved "http://registry.npm.taobao.org/sqlstring/download/sqlstring-2.0.1.tgz#bcd3c3931af1a5ab7d54a558eb3563ca3d378b98"
  integrity sha1-vNPDkxrxpat9VKVY6zVjyj03i5g=

statuses@1, "statuses@>= 1.3.1 < 2":
  version "1.5.0"
  resolved "http://registry.npm.taobao.org/statuses/download/statuses-1.5.0.tgz#161c7dac177659fd9811f43771fa99381478628c"
  integrity sha1-Fhx9rBd2Wf2YEfQ3cfqZOBR4Yow=

statuses@~1.2.1:
  version "1.2.1"
  resolved "http://registry.npm.taobao.org/statuses/download/statuses-1.2.1.tgz#dded45cc18256d51ed40aec142489d5c61026d28"
  integrity sha1-3e1FzBglbVHtQK7BQkidXGECbSg=

streamsearch@0.1.2:
  version "0.1.2"
  resolved "http://registry.npm.taobao.org/streamsearch/download/streamsearch-0.1.2.tgz#808b9d0e56fc273d809ba57338e929919a1a9f1a"
  integrity sha1-gIudDlb8Jz2Am6VzOOkpkZoanxo=

string_decoder@^1.1.1:
  version "1.2.0"
  resolved "http://registry.npm.taobao.org/string_decoder/download/string_decoder-1.2.0.tgz#fe86e738b19544afe70469243b2a1ee9240eae8d"
  integrity sha1-/obnOLGVRK/nBGkkOyoe6SQOro0=
  dependencies:
    safe-buffer "~5.1.0"

string_decoder@~0.10.x:
  version "0.10.31"
  resolved "http://registry.npm.taobao.org/string_decoder/download/string_decoder-0.10.31.tgz#62e203bc41766c6c28c9fc84301dab1c5310fa94"
  integrity sha1-YuIDvEF2bGwoyfyEMB2rHFMQ+pQ=

string_decoder@~1.1.1:
  version "1.1.1"
  resolved "http://registry.npm.taobao.org/string_decoder/download/string_decoder-1.1.1.tgz#9cf1611ba62685d7030ae9e4ba34149c3af03fc8"
  integrity sha1-nPFhG6YmhdcDCunkujQUnDrwP8g=
  dependencies:
    safe-buffer "~5.1.0"

transformers@2.1.0:
  version "2.1.0"
  resolved "http://registry.npm.taobao.org/transformers/download/transformers-2.1.0.tgz#5d23cb35561dd85dc67fb8482309b47d53cce9a7"
  integrity sha1-XSPLNVYd2F3Gf7hIIwm0fVPM6ac=
  dependencies:
    css "~1.0.8"
    promise "~2.0"
    uglify-js "~2.2.5"

type-is@^1.6.4, type-is@~1.6.13, type-is@~1.6.6:
  version "1.6.16"
  resolved "http://registry.npm.taobao.org/type-is/download/type-is-1.6.16.tgz#f89ce341541c672b25ee7ae3c73dee3b2be50194"
  integrity sha1-+JzjQVQcZysl7nrjxz3uOyvlAZQ=
  dependencies:
    media-typer "0.3.0"
    mime-types "~2.1.18"

typedarray@^0.0.6:
  version "0.0.6"
  resolved "http://registry.npm.taobao.org/typedarray/download/typedarray-0.0.6.tgz#867ac74e3864187b1d3d47d996a78ec5c8830777"
  integrity sha1-hnrHTjhkGHsdPUfZlqeOxciDB3c=

uglify-js@^2.4.19:
  version "2.8.29"
  resolved "http://registry.npm.taobao.org/uglify-js/download/uglify-js-2.8.29.tgz#29c5733148057bb4e1f75df35b7a9cb72e6a59dd"
  integrity sha1-KcVzMUgFe7Th913zW3qcty5qWd0=
  dependencies:
    source-map "~0.5.1"
    yargs "~3.10.0"
  optionalDependencies:
    uglify-to-browserify "~1.0.0"

uglify-js@~2.2.5:
  version "2.2.5"
  resolved "http://registry.npm.taobao.org/uglify-js/download/uglify-js-2.2.5.tgz#a6e02a70d839792b9780488b7b8b184c095c99c7"
  integrity sha1-puAqcNg5eSuXgEiLe4sYTAlcmcc=
  dependencies:
    optimist "~0.3.5"
    source-map "~0.1.7"

uglify-to-browserify@~1.0.0:
  version "1.0.2"
  resolved "http://registry.npm.taobao.org/uglify-to-browserify/download/uglify-to-browserify-1.0.2.tgz#6e0924d6bda6b5afe349e39a6d632850a0f882b7"
  integrity sha1-bgkk1r2mta/jSeOabWMoUKD4grc=

uid-safe@~2.1.5:
  version "2.1.5"
  resolved "http://registry.npm.taobao.org/uid-safe/download/uid-safe-2.1.5.tgz#2b3d5c7240e8fc2e58f8aa269e5ee49c0857bd3a"
  integrity sha1-Kz1cckDo/C5Y+Komnl7knAhXvTo=
  dependencies:
    random-bytes "~1.0.0"

unpipe@1.0.0, unpipe@~1.0.0:
  version "1.0.0"
  resolved "http://registry.npm.taobao.org/unpipe/download/unpipe-1.0.0.tgz#b2bf4ee8514aae6165b4817829d21b2ef49904ec"
  integrity sha1-sr9O6FFKrmFltIF4KdIbLvSZBOw=

util-deprecate@^1.0.1, util-deprecate@~1.0.1:
  version "1.0.2"
  resolved "http://registry.npm.taobao.org/util-deprecate/download/util-deprecate-1.0.2.tgz#450d4dc9fa70de732762fbd2d4a28981419a0ccf"
  integrity sha1-RQ1Nyfpw3nMnYvvS1KKJgUGaDM8=

utils-merge@1.0.0:
  version "1.0.0"
  resolved "http://registry.npm.taobao.org/utils-merge/download/utils-merge-1.0.0.tgz#0294fb922bb9375153541c4f7096231f287c8af8"
  integrity sha1-ApT7kiu5N1FTVBxPcJYjHyh8ivg=

vary@^1:
  version "1.1.2"
  resolved "http://registry.npm.taobao.org/vary/download/vary-1.1.2.tgz#2299f02c6ded30d4a5961b0b9f74524a18f634fc"
  integrity sha1-IpnwLG3tMNSllhsLn3RSShj2NPw=

vary@~1.0.1:
  version "1.0.1"
  resolved "http://registry.npm.taobao.org/vary/download/vary-1.0.1.tgz#99e4981566a286118dfb2b817357df7993376d10"
  integrity sha1-meSYFWaihhGN+yuBc1ffeZM3bRA=

void-elements@~2.0.1:
  version "2.0.1"
  resolved "http://registry.npm.taobao.org/void-elements/download/void-elements-2.0.1.tgz#c066afb582bb1cb4128d60ea92392e94d5e9dbec"
  integrity sha1-wGavtYK7HLQSjWDqkjkulNXp2+w=

window-size@0.1.0:
  version "0.1.0"
  resolved "http://registry.npm.taobao.org/window-size/download/window-size-0.1.0.tgz#5438cd2ea93b202efa3a19fe8887aee7c94f9c9d"
  integrity sha1-VDjNLqk7IC76Ohn+iIeu58lPnJ0=

with@~4.0.0:
  version "4.0.3"
  resolved "http://registry.npm.taobao.org/with/download/with-4.0.3.tgz#eefd154e9e79d2c8d3417b647a8f14d9fecce14e"
  integrity sha1-7v0VTp550sjTQXtkeo8U2f7M4U4=
  dependencies:
    acorn "^1.0.1"
    acorn-globals "^1.0.3"

wordwrap@0.0.2:
  version "0.0.2"
  resolved "http://registry.npm.taobao.org/wordwrap/download/wordwrap-0.0.2.tgz#b79669bb42ecb409f83d583cad52ca17eaa1643f"
  integrity sha1-t5Zpu0LstAn4PVg8rVLKF+qhZD8=

wordwrap@~0.0.2:
  version "0.0.3"
  resolved "http://registry.npm.taobao.org/wordwrap/download/wordwrap-0.0.3.tgz#a3d5da6cd5c0bc0008d37234bbaf1bed63059107"
  integrity sha1-o9XabNXAvAAI03I0u68b7WMFkQc=

xtend@^4.0.0:
  version "4.0.1"
  resolved "http://registry.npm.taobao.org/xtend/download/xtend-4.0.1.tgz#a5c6d532be656e23db820efb943a1f04998d63af"
  integrity sha1-pcbVMr5lbiPbgg77lDofBJmNY68=

yargs@~3.10.0:
  version "3.10.0"
  resolved "http://registry.npm.taobao.org/yargs/download/yargs-3.10.0.tgz#f7ee7bd857dd7c1d2d38c0e74efbd681d1431fd1"
  integrity sha1-9+572FfdfB0tOMDnTvvWgdFDH9E=
  dependencies:
    camelcase "^1.0.2"
    cliui "^2.1.0"
    decamelize "^1.0.0"
    window-size "0.1.0"
